<Solution>
  <Folder Name="/Application/">
    <Project Path="CleanArch.application/CleanArch.application.csproj" Id="3e35d4b9-ae56-407d-8f8a-cf3244a5309e" />
  </Folder>
  <Folder Name="/Domain/">
    <Project Path="CleanArchDomain/CleanArchDomain.csproj" />
  </Folder>
  <Folder Name="/Infra.Data/">
    <Project Path="CleanArch.Infra.Data/CleanArch.Infra.Data.csproj" />
  </Folder>
  <Folder Name="/Infra.IoC/" />
  <Folder Name="/Presentation/">
    <Project Path="CleanArch.Mvc/CleanArch.Mvc.csproj" />
  </Folder>
</Solution>
