<Solution>
  <Folder Name="/Application/" />
  <Folder Name="/Domain/">
    <Project Path="CleanArchDomain/CleanArchDomain.csproj" />
  </Folder>
  <Folder Name="/Infra.Data/" />
  <Folder Name="/Infra.IoC/" />
  <Folder Name="/Presentation/">
    <Project Path="CleanArch.Mvc/CleanArch.Mvc.csproj" />
  </Folder>
</Solution>
